
Microsoft Visual Studio Solution File, Format Version 12.00
Project("{2150E333-8FDC-42A3-9474-1A3956D46DE8}") = "src", "src", "{63685008-55C2-4639-8551-78083F5DF806}"
EndProject
Project("{2150E333-8FDC-42A3-9474-1A3956D46DE8}") = "1 - Domain", "src\Domain", "{92B5C585-F60F-40C7-B7EB-6D000AC44282}"
EndProject
Project("{2150E333-8FDC-42A3-9474-1A3956D46DE8}") = "2 - Application", "src\Application", "{377C3255-AC33-4FA2-B269-BEB46B376381}"
EndProject
Project("{2150E333-8FDC-42A3-9474-1A3956D46DE8}") = "3 - Infra", "src\Infra", "{41F6392F-62E0-4D06-BB33-74148D454D2D}"
EndProject
Project("{2150E333-8FDC-42A3-9474-1A3956D46DE8}") = "4 - Presentation", "src\Presentation", "{CAFE7461-4F56-4023-BC5E-9EEAD6AA1E92}"
EndProject
Project("{FAE04EC0-301F-11D3-BF4B-00C04F79EFBC}") = "Api.Pedidos.Domain", "src\Domain\Api.Pedidos.Domain\Api.Pedidos.Domain.csproj", "{78BA999C-C19A-4FB2-B94F-73256BF80CDA}"
EndProject
Project("{2150E333-8FDC-42A3-9474-1A3956D46DE8}") = "tests", "src\tests", "{C832F07E-D3DC-426C-B3EC-A2F2FE2E1B40}"
EndProject
Project("{2150E333-8FDC-42A3-9474-1A3956D46DE8}") = "Solution Items", "Solution Items", "{2DA99C86-8E18-4D59-BD5A-174673E83F9A}"
	ProjectSection(SolutionItems) = preProject
		..\..\RiderProjects\PerfumeStoreApi\README.md = ..\..\RiderProjects\PerfumeStoreApi\README.md
		..\..\RiderProjects\PerfumeStoreApi\.gitignore = ..\..\RiderProjects\PerfumeStoreApi\.gitignore
	EndProjectSection
EndProject
Project("{FAE04EC0-301F-11D3-BF4B-00C04F79EFBC}") = "Api.Pedidos.Application", "src\Application\Api.Pedidos.Application\Api.Pedidos.Application.csproj", "{8658C639-DA64-4BFC-A657-2D54EDE46275}"
	ProjectSection(ProjectDependencies) = postProject
		{78BA999C-C19A-4FB2-B94F-73256BF80CDA} = {78BA999C-C19A-4FB2-B94F-73256BF80CDA}
	EndProjectSection
EndProject
Project("{FAE04EC0-301F-11D3-BF4B-00C04F79EFBC}") = "Api.Pedidos.Infra", "src\Infra\Api.Pedidos.Infra\Api.Pedidos.Infra.csproj", "{107E0924-FF15-419E-8307-3C49B0387776}"
	ProjectSection(ProjectDependencies) = postProject
		{78BA999C-C19A-4FB2-B94F-73256BF80CDA} = {78BA999C-C19A-4FB2-B94F-73256BF80CDA}
		{8658C639-DA64-4BFC-A657-2D54EDE46275} = {8658C639-DA64-4BFC-A657-2D54EDE46275}
	EndProjectSection
EndProject
Project("{FAE04EC0-301F-11D3-BF4B-00C04F79EFBC}") = "Api.Pedidos.WebApi", "src\Presentation\Api.Pedidos.WebApi\Api.Pedidos.WebApi.csproj", "{DAC4E68F-6215-4BAE-9090-66EFF2A16837}"
	ProjectSection(ProjectDependencies) = postProject
		{8658C639-DA64-4BFC-A657-2D54EDE46275} = {8658C639-DA64-4BFC-A657-2D54EDE46275}
		{107E0924-FF15-419E-8307-3C49B0387776} = {107E0924-FF15-419E-8307-3C49B0387776}
	EndProjectSection
EndProject
Project("{FAE04EC0-301F-11D3-BF4B-00C04F79EFBC}") = "Api.Pedidos.Domain.Tests", "src\Tests\Api.Pedidos.Domain.Tests\Api.Pedidos.Domain.Tests.csproj", "{5A461635-8636-4FD4-9208-B81075097060}"
EndProject
Global
	GlobalSection(SolutionConfigurationPlatforms) = preSolution
		Debug|Any CPU = Debug|Any CPU
		Release|Any CPU = Release|Any CPU
	EndGlobalSection
	GlobalSection(ProjectConfigurationPlatforms) = postSolution
		{78BA999C-C19A-4FB2-B94F-73256BF80CDA}.Debug|Any CPU.ActiveCfg = Debug|Any CPU
		{78BA999C-C19A-4FB2-B94F-73256BF80CDA}.Debug|Any CPU.Build.0 = Debug|Any CPU
		{78BA999C-C19A-4FB2-B94F-73256BF80CDA}.Release|Any CPU.ActiveCfg = Release|Any CPU
		{78BA999C-C19A-4FB2-B94F-73256BF80CDA}.Release|Any CPU.Build.0 = Release|Any CPU
		{8658C639-DA64-4BFC-A657-2D54EDE46275}.Debug|Any CPU.ActiveCfg = Debug|Any CPU
		{8658C639-DA64-4BFC-A657-2D54EDE46275}.Debug|Any CPU.Build.0 = Debug|Any CPU
		{8658C639-DA64-4BFC-A657-2D54EDE46275}.Release|Any CPU.ActiveCfg = Release|Any CPU
		{8658C639-DA64-4BFC-A657-2D54EDE46275}.Release|Any CPU.Build.0 = Release|Any CPU
		{107E0924-FF15-419E-8307-3C49B0387776}.Debug|Any CPU.ActiveCfg = Debug|Any CPU
		{107E0924-FF15-419E-8307-3C49B0387776}.Debug|Any CPU.Build.0 = Debug|Any CPU
		{107E0924-FF15-419E-8307-3C49B0387776}.Release|Any CPU.ActiveCfg = Release|Any CPU
		{107E0924-FF15-419E-8307-3C49B0387776}.Release|Any CPU.Build.0 = Release|Any CPU
		{DAC4E68F-6215-4BAE-9090-66EFF2A16837}.Debug|Any CPU.ActiveCfg = Debug|Any CPU
		{DAC4E68F-6215-4BAE-9090-66EFF2A16837}.Debug|Any CPU.Build.0 = Debug|Any CPU
		{DAC4E68F-6215-4BAE-9090-66EFF2A16837}.Release|Any CPU.ActiveCfg = Release|Any CPU
		{DAC4E68F-6215-4BAE-9090-66EFF2A16837}.Release|Any CPU.Build.0 = Release|Any CPU
		{5A461635-8636-4FD4-9208-B81075097060}.Debug|Any CPU.ActiveCfg = Debug|Any CPU
		{5A461635-8636-4FD4-9208-B81075097060}.Debug|Any CPU.Build.0 = Debug|Any CPU
		{5A461635-8636-4FD4-9208-B81075097060}.Release|Any CPU.ActiveCfg = Release|Any CPU
		{5A461635-8636-4FD4-9208-B81075097060}.Release|Any CPU.Build.0 = Release|Any CPU
	EndGlobalSection
	GlobalSection(NestedProjects) = preSolution
		{92B5C585-F60F-40C7-B7EB-6D000AC44282} = {63685008-55C2-4639-8551-78083F5DF806}
		{377C3255-AC33-4FA2-B269-BEB46B376381} = {63685008-55C2-4639-8551-78083F5DF806}
		{41F6392F-62E0-4D06-BB33-74148D454D2D} = {63685008-55C2-4639-8551-78083F5DF806}
		{CAFE7461-4F56-4023-BC5E-9EEAD6AA1E92} = {63685008-55C2-4639-8551-78083F5DF806}
		{78BA999C-C19A-4FB2-B94F-73256BF80CDA} = {92B5C585-F60F-40C7-B7EB-6D000AC44282}
		{8658C639-DA64-4BFC-A657-2D54EDE46275} = {377C3255-AC33-4FA2-B269-BEB46B376381}
		{107E0924-FF15-419E-8307-3C49B0387776} = {41F6392F-62E0-4D06-BB33-74148D454D2D}
		{DAC4E68F-6215-4BAE-9090-66EFF2A16837} = {CAFE7461-4F56-4023-BC5E-9EEAD6AA1E92}
		{5A461635-8636-4FD4-9208-B81075097060} = {C832F07E-D3DC-426C-B3EC-A2F2FE2E1B40}
	EndGlobalSection
EndGlobal
